
Microsoft Visual Studio Solution File, Format Version 11.00
# Visual Studio 2010
Project("{FAE04EC0-301F-11D3-BF4B-00C04F79EFBC}") = "SportsStore.Domain", "SportsStore.Domain\SportsStore.Domain.csproj", "{532A4996-3B49-4EBC-BA10-DACB7175B464}"
EndProject
Project("{FAE04EC0-301F-11D3-BF4B-00C04F79EFBC}") = "SportsStore.WebUI", "SportsStore.WebUI\SportsStore.WebUI.csproj", "{09506B01-0A1D-4949-9102-7BF7190B10D4}"
EndProject
Project("{FAE04EC0-301F-11D3-BF4B-00C04F79EFBC}") = "SportsStore.UnitTests", "SportsStore.UnitTests\SportsStore.UnitTests.csproj", "{0921420A-02F3-4AD0-B9E5-AE3B19F6E945}"
EndProject
Global
	GlobalSection(SolutionConfigurationPlatforms) = preSolution
		Debug|Any CPU = Debug|Any CPU
		Release|Any CPU = Release|Any CPU
	EndGlobalSection
	GlobalSection(ProjectConfigurationPlatforms) = postSolution
		{532A4996-3B49-4EBC-BA10-DACB7175B464}.Debug|Any CPU.ActiveCfg = Debug|Any CPU
		{532A4996-3B49-4EBC-BA10-DACB7175B464}.Debug|Any CPU.Build.0 = Debug|Any CPU
		{532A4996-3B49-4EBC-BA10-DACB7175B464}.Release|Any CPU.ActiveCfg = Release|Any CPU
		{532A4996-3B49-4EBC-BA10-DACB7175B464}.Release|Any CPU.Build.0 = Release|Any CPU
		{09506B01-0A1D-4949-9102-7BF7190B10D4}.Debug|Any CPU.ActiveCfg = Debug|Any CPU
		{09506B01-0A1D-4949-9102-7BF7190B10D4}.Debug|Any CPU.Build.0 = Debug|Any CPU
		{09506B01-0A1D-4949-9102-7BF7190B10D4}.Release|Any CPU.ActiveCfg = Release|Any CPU
		{09506B01-0A1D-4949-9102-7BF7190B10D4}.Release|Any CPU.Build.0 = Release|Any CPU
		{0921420A-02F3-4AD0-B9E5-AE3B19F6E945}.Debug|Any CPU.ActiveCfg = Debug|Any CPU
		{0921420A-02F3-4AD0-B9E5-AE3B19F6E945}.Debug|Any CPU.Build.0 = Debug|Any CPU
		{0921420A-02F3-4AD0-B9E5-AE3B19F6E945}.Release|Any CPU.ActiveCfg = Release|Any CPU
		{0921420A-02F3-4AD0-B9E5-AE3B19F6E945}.Release|Any CPU.Build.0 = Release|Any CPU
	EndGlobalSection
	GlobalSection(SolutionProperties) = preSolution
		HideSolutionNode = FALSE
	EndGlobalSection
EndGlobal
